
Microsoft Visual Studio Solution File, Format Version 12.00
# Visual Studio 2012
Project("{FAE04EC0-301F-11D3-BF4B-00C04F79EFBC}") = "OutlookPushNotification", "OutlookPushNotification\OutlookPushNotification.csproj", "{54130A32-2FD1-4740-9539-5C32FB1F9CEA}"
EndProject
Global
	GlobalSection(SolutionConfigurationPlatforms) = preSolution
		Debug|Any CPU = Debug|Any CPU
		Release|Any CPU = Release|Any CPU
	EndGlobalSection
	GlobalSection(ProjectConfigurationPlatforms) = postSolution
		{54130A32-2FD1-4740-9539-5C32FB1F9CEA}.Debug|Any CPU.ActiveCfg = Debug|Any CPU
		{54130A32-2FD1-4740-9539-5C32FB1F9CEA}.Debug|Any CPU.Build.0 = Debug|Any CPU
		{54130A32-2FD1-4740-9539-5C32FB1F9CEA}.Release|Any CPU.ActiveCfg = Release|Any CPU
		{54130A32-2FD1-4740-9539-5C32FB1F9CEA}.Release|Any CPU.Build.0 = Release|Any CPU
	EndGlobalSection
	GlobalSection(SolutionProperties) = preSolution
		HideSolutionNode = FALSE
	EndGlobalSection
EndGlobal
